// !$*UTF8*$!
{
	archiveVersion = 1;
	classes = {
	};
	objectVersion = 50;
	objects = {

/* Begin PBXBuildFile section */
		A4BE4DF724E397BA00B23E64 /* AppDelegate.swift in Sources */ = {isa = PBXBuildFile; fileRef = A4BE4DF624E397BA00B23E64 /* AppDelegate.swift */; };
		A4BE4DF924E397BA00B23E64 /* ContentView.swift in Sources */ = {isa = PBXBuildFile; fileRef = A4BE4DF824E397BA00B23E64 /* ContentView.swift */; };
		A4BE4DFB24E397BB00B23E64 /* Assets.xcassets in Resources */ = {isa = PBXBuildFile; fileRef = A4BE4DFA24E397BB00B23E64 /* Assets.xcassets */; };
		A4BE4DFE24E397BB00B23E64 /* Preview Assets.xcassets in Resources */ = {isa = PBXBuildFile; fileRef = A4BE4DFD24E397BB00B23E64 /* Preview Assets.xcassets */; };
		A4BE4E0124E397BB00B23E64 /* Main.storyboard in Resources */ = {isa = PBXBuildFile; fileRef = A4BE4DFF24E397BB00B23E64 /* Main.storyboard */; };
		A4FFC48E24E5907300AB6BDB /* murmur.mp3 in Resources */ = {isa = PBXBuildFile; fileRef = A4FFC48D24E5907300AB6BDB /* murmur.mp3 */; };
		A4FFC49124E61B8700AB6BDB /* lunch.mp3 in Resources */ = {isa = PBXBuildFile; fileRef = A4FFC48F24E61B8700AB6BDB /* lunch.mp3 */; };
		A4FFC49224E61B8700AB6BDB /* univ.mp3 in Resources */ = {isa = PBXBuildFile; fileRef = A4FFC49024E61B8700AB6BDB /* univ.mp3 */; };
/* End PBXBuildFile section */

/* Begin PBXFileReference section */
		A4BE4DF324E397BA00B23E64 /* Cafe Mocha.app */ = {isa = PBXFileReference; explicitFileType = wrapper.application; includeInIndex = 0; path = "Cafe Mocha.app"; sourceTree = BUILT_PRODUCTS_DIR; };
		A4BE4DF624E397BA00B23E64 /* AppDelegate.swift */ = {isa = PBXFileReference; lastKnownFileType = sourcecode.swift; path = AppDelegate.swift; sourceTree = "<group>"; };
		A4BE4DF824E397BA00B23E64 /* ContentView.swift */ = {isa = PBXFileReference; lastKnownFileType = sourcecode.swift; path = ContentView.swift; sourceTree = "<group>"; };
		A4BE4DFA24E397BB00B23E64 /* Assets.xcassets */ = {isa = PBXFileReference; lastKnownFileType = folder.assetcatalog; path = Assets.xcassets; sourceTree = "<group>"; };
		A4BE4DFD24E397BB00B23E64 /* Preview Assets.xcassets */ = {isa = PBXFileReference; lastKnownFileType = folder.assetcatalog; path = "Preview Assets.xcassets"; sourceTree = "<group>"; };
		A4BE4E0024E397BB00B23E64 /* Base */ = {isa = PBXFileReference; lastKnownFileType = file.storyboard; name = Base; path = Base.lproj/Main.storyboard; sourceTree = "<group>"; };
		A4BE4E0224E397BB00B23E64 /* Info.plist */ = {isa = PBXFileReference; lastKnownFileType = text.plist.xml; path = Info.plist; sourceTree = "<group>"; };
		A4BE4E0324E397BB00B23E64 /* Cafe_Mocha.entitlements */ = {isa = PBXFileReference; lastKnownFileType = text.plist.entitlements; path = Cafe_Mocha.entitlements; sourceTree = "<group>"; };
		A4FFC48D24E5907300AB6BDB /* murmur.mp3 */ = {isa = PBXFileReference; lastKnownFileType = audio.mp3; path = murmur.mp3; sourceTree = "<group>"; };
		A4FFC48F24E61B8700AB6BDB /* lunch.mp3 */ = {isa = PBXFileReference; lastKnownFileType = audio.mp3; path = lunch.mp3; sourceTree = "<group>"; };
		A4FFC49024E61B8700AB6BDB /* univ.mp3 */ = {isa = PBXFileReference; lastKnownFileType = audio.mp3; path = univ.mp3; sourceTree = "<group>"; };
/* End PBXFileReference section */

/* Begin PBXFrameworksBuildPhase section */
		A4BE4DF024E397BA00B23E64 /* Frameworks */ = {
			isa = PBXFrameworksBuildPhase;
			buildActionMask = 2147483647;
			files = (
			);
			runOnlyForDeploymentPostprocessing = 0;
		};
/* End PBXFrameworksBuildPhase section */

/* Begin PBXGroup section */
		A4BE4DEA24E397BA00B23E64 = {
			isa = PBXGroup;
			children = (
				A4BE4DF524E397BA00B23E64 /* Cafe Mocha */,
				A4BE4DF424E397BA00B23E64 /* Products */,
			);
			sourceTree = "<group>";
		};
		A4BE4DF424E397BA00B23E64 /* Products */ = {
			isa = PBXGroup;
			children = (
				A4BE4DF324E397BA00B23E64 /* Cafe Mocha.app */,
			);
			name = Products;
			sourceTree = "<group>";
		};
		A4BE4DF524E397BA00B23E64 /* Cafe Mocha */ = {
			isa = PBXGroup;
			children = (
				A4FFC48C24E5906400AB6BDB /* Sounds */,
				A4BE4DF624E397BA00B23E64 /* AppDelegate.swift */,
				A4BE4DF824E397BA00B23E64 /* ContentView.swift */,
				A4BE4DFA24E397BB00B23E64 /* Assets.xcassets */,
				A4BE4DFF24E397BB00B23E64 /* Main.storyboard */,
				A4BE4E0224E397BB00B23E64 /* Info.plist */,
				A4BE4E0324E397BB00B23E64 /* Cafe_Mocha.entitlements */,
				A4BE4DFC24E397BB00B23E64 /* Preview Content */,
			);
			path = "Cafe Mocha";
			sourceTree = "<group>";
		};
		A4BE4DFC24E397BB00B23E64 /* Preview Content */ = {
			isa = PBXGroup;
			children = (
				A4BE4DFD24E397BB00B23E64 /* Preview Assets.xcassets */,
			);
			path = "Preview Content";
			sourceTree = "<group>";
		};
		A4FFC48C24E5906400AB6BDB /* Sounds */ = {
			isa = PBXGroup;
			children = (
				A4FFC48D24E5907300AB6BDB /* murmur.mp3 */,
				A4FFC48F24E61B8700AB6BDB /* lunch.mp3 */,
				A4FFC49024E61B8700AB6BDB /* univ.mp3 */,
			);
			path = Sounds;
			sourceTree = "<group>";
		};
/* End PBXGroup section */

/* Begin PBXNativeTarget section */
		A4BE4DF224E397BA00B23E64 /* Cafe Mocha */ = {
			isa = PBXNativeTarget;
			buildConfigurationList = A4BE4E0624E397BB00B23E64 /* Build configuration list for PBXNativeTarget "Cafe Mocha" */;
			buildPhases = (
				A4BE4DEF24E397BA00B23E64 /* Sources */,
				A4BE4DF024E397BA00B23E64 /* Frameworks */,
				A4BE4DF124E397BA00B23E64 /* Resources */,
			);
			buildRules = (
			);
			dependencies = (
			);
			name = "Cafe Mocha";
			productName = "Cafe Mocha";
			productReference = A4BE4DF324E397BA00B23E64 /* Cafe Mocha.app */;
			productType = "com.apple.product-type.application";
		};
/* End PBXNativeTarget section */

/* Begin PBXProject section */
		A4BE4DEB24E397BA00B23E64 /* Project object */ = {
			isa = PBXProject;
			attributes = {
				LastSwiftUpdateCheck = 1100;
				LastUpgradeCheck = 1100;
				ORGANIZATIONNAME = ef;
				TargetAttributes = {
					A4BE4DF224E397BA00B23E64 = {
						CreatedOnToolsVersion = 11.0;
					};
				};
			};
			buildConfigurationList = A4BE4DEE24E397BA00B23E64 /* Build configuration list for PBXProject "Cafe Mocha" */;
			compatibilityVersion = "Xcode 9.3";
			developmentRegion = en;
			hasScannedForEncodings = 0;
			knownRegions = (
				en,
				Base,
			);
			mainGroup = A4BE4DEA24E397BA00B23E64;
			productRefGroup = A4BE4DF424E397BA00B23E64 /* Products */;
			projectDirPath = "";
			projectRoot = "";
			targets = (
				A4BE4DF224E397BA00B23E64 /* Cafe Mocha */,
			);
		};
/* End PBXProject section */

/* Begin PBXResourcesBuildPhase section */
		A4BE4DF124E397BA00B23E64 /* Resources */ = {
			isa = PBXResourcesBuildPhase;
			buildActionMask = 2147483647;
			files = (
				A4FFC48E24E5907300AB6BDB /* murmur.mp3 in Resources */,
				A4BE4E0124E397BB00B23E64 /* Main.storyboard in Resources */,
				A4FFC49224E61B8700AB6BDB /* univ.mp3 in Resources */,
				A4BE4DFE24E397BB00B23E64 /* Preview Assets.xcassets in Resources */,
				A4FFC49124E61B8700AB6BDB /* lunch.mp3 in Resources */,
				A4BE4DFB24E397BB00B23E64 /* Assets.xcassets in Resources */,
			);
			runOnlyForDeploymentPostprocessing = 0;
		};
/* End PBXResourcesBuildPhase section */

/* Begin PBXSourcesBuildPhase section */
		A4BE4DEF24E397BA00B23E64 /* Sources */ = {
			isa = PBXSourcesBuildPhase;
			buildActionMask = 2147483647;
			files = (
				A4BE4DF924E397BA00B23E64 /* ContentView.swift in Sources */,
				A4BE4DF724E397BA00B23E64 /* AppDelegate.swift in Sources */,
			);
			runOnlyForDeploymentPostprocessing = 0;
		};
/* End PBXSourcesBuildPhase section */

/* Begin PBXVariantGroup section */
		A4BE4DFF24E397BB00B23E64 /* Main.storyboard */ = {
			isa = PBXVariantGroup;
			children = (
				A4BE4E0024E397BB00B23E64 /* Base */,
			);
			name = Main.storyboard;
			sourceTree = "<group>";
		};
/* End PBXVariantGroup section */

/* Begin XCBuildConfiguration section */
		A4BE4E0424E397BB00B23E64 /* Debug */ = {
			isa = XCBuildConfiguration;
			buildSettings = {
				ALWAYS_SEARCH_USER_PATHS = NO;
				CLANG_ANALYZER_NONNULL = YES;
				CLANG_ANALYZER_NUMBER_OBJECT_CONVERSION = YES_AGGRESSIVE;
				CLANG_CXX_LANGUAGE_STANDARD = "gnu++14";
				CLANG_CXX_LIBRARY = "libc++";
				CLANG_ENABLE_MODULES = YES;
				CLANG_ENABLE_OBJC_ARC = YES;
				CLANG_ENABLE_OBJC_WEAK = YES;
				CLANG_WARN_BLOCK_CAPTURE_AUTORELEASING = YES;
				CLANG_WARN_BOOL_CONVERSION = YES;
				CLANG_WARN_COMMA = YES;
				CLANG_WARN_CONSTANT_CONVERSION = YES;
				CLANG_WARN_DEPRECATED_OBJC_IMPLEMENTATIONS = YES;
				CLANG_WARN_DIRECT_OBJC_ISA_USAGE = YES_ERROR;
				CLANG_WARN_DOCUMENTATION_COMMENTS = YES;
				CLANG_WARN_EMPTY_BODY = YES;
				CLANG_WARN_ENUM_CONVERSION = YES;
				CLANG_WARN_INFINITE_RECURSION = YES;
				CLANG_WARN_INT_CONVERSION = YES;
				CLANG_WARN_NON_LITERAL_NULL_CONVERSION = YES;
				CLANG_WARN_OBJC_IMPLICIT_RETAIN_SELF = YES;
				CLANG_WARN_OBJC_LITERAL_CONVERSION = YES;
				CLANG_WARN_OBJC_ROOT_CLASS = YES_ERROR;
				CLANG_WARN_RANGE_LOOP_ANALYSIS = YES;
				CLANG_WARN_STRICT_PROTOTYPES = YES;
				CLANG_WARN_SUSPICIOUS_MOVE = YES;
				CLANG_WARN_UNGUARDED_AVAILABILITY = YES_AGGRESSIVE;
				CLANG_WARN_UNREACHABLE_CODE = YES;
				CLANG_WARN__DUPLICATE_METHOD_MATCH = YES;
				COPY_PHASE_STRIP = NO;
				DEBUG_INFORMATION_FORMAT = dwarf;
				ENABLE_STRICT_OBJC_MSGSEND = YES;
				ENABLE_TESTABILITY = YES;
				GCC_C_LANGUAGE_STANDARD = gnu11;
				GCC_DYNAMIC_NO_PIC = NO;
				GCC_NO_COMMON_BLOCKS = YES;
				GCC_OPTIMIZATION_LEVEL = 0;
				GCC_PREPROCESSOR_DEFINITIONS = (
					"DEBUG=1",
					"$(inherited)",
				);
				GCC_WARN_64_TO_32_BIT_CONVERSION = YES;
				GCC_WARN_ABOUT_RETURN_TYPE = YES_ERROR;
				GCC_WARN_UNDECLARED_SELECTOR = YES;
				GCC_WARN_UNINITIALIZED_AUTOS = YES_AGGRESSIVE;
				GCC_WARN_UNUSED_FUNCTION = YES;
				GCC_WARN_UNUSED_VARIABLE = YES;
				MACOSX_DEPLOYMENT_TARGET = 10.15;
				MTL_ENABLE_DEBUG_INFO = INCLUDE_SOURCE;
				MTL_FAST_MATH = YES;
				ONLY_ACTIVE_ARCH = YES;
				SDKROOT = macosx;
				SWIFT_ACTIVE_COMPILATION_CONDITIONS = DEBUG;
				SWIFT_OPTIMIZATION_LEVEL = "-Onone";
			};
			name = Debug;
		};
		A4BE4E0524E397BB00B23E64 /* Release */ = {
			isa = XCBuildConfiguration;
			buildSettings = {
				ALWAYS_SEARCH_USER_PATHS = NO;
				CLANG_ANALYZER_NONNULL = YES;
				CLANG_ANALYZER_NUMBER_OBJECT_CONVERSION = YES_AGGRESSIVE;
				CLANG_CXX_LANGUAGE_STANDARD = "gnu++14";
				CLANG_CXX_LIBRARY = "libc++";
				CLANG_ENABLE_MODULES = YES;
				CLANG_ENABLE_OBJC_ARC = YES;
				CLANG_ENABLE_OBJC_WEAK = YES;
				CLANG_WARN_BLOCK_CAPTURE_AUTORELEASING = YES;
				CLANG_WARN_BOOL_CONVERSION = YES;
				CLANG_WARN_COMMA = YES;
				CLANG_WARN_CONSTANT_CONVERSION = YES;
				CLANG_WARN_DEPRECATED_OBJC_IMPLEMENTATIONS = YES;
				CLANG_WARN_DIRECT_OBJC_ISA_USAGE = YES_ERROR;
				CLANG_WARN_DOCUMENTATION_COMMENTS = YES;
				CLANG_WARN_EMPTY_BODY = YES;
				CLANG_WARN_ENUM_CONVERSION = YES;
				CLANG_WARN_INFINITE_RECURSION = YES;
				CLANG_WARN_INT_CONVERSION = YES;
				CLANG_WARN_NON_LITERAL_NULL_CONVERSION = YES;
				CLANG_WARN_OBJC_IMPLICIT_RETAIN_SELF = YES;
				CLANG_WARN_OBJC_LITERAL_CONVERSION = YES;
				CLANG_WARN_OBJC_ROOT_CLASS = YES_ERROR;
				CLANG_WARN_RANGE_LOOP_ANALYSIS = YES;
				CLANG_WARN_STRICT_PROTOTYPES = YES;
				CLANG_WARN_SUSPICIOUS_MOVE = YES;
				CLANG_WARN_UNGUARDED_AVAILABILITY = YES_AGGRESSIVE;
				CLANG_WARN_UNREACHABLE_CODE = YES;
				CLANG_WARN__DUPLICATE_METHOD_MATCH = YES;
				COPY_PHASE_STRIP = NO;
				DEBUG_INFORMATION_FORMAT = "dwarf-with-dsym";
				ENABLE_NS_ASSERTIONS = NO;
				ENABLE_STRICT_OBJC_MSGSEND = YES;
				GCC_C_LANGUAGE_STANDARD = gnu11;
				GCC_NO_COMMON_BLOCKS = YES;
				GCC_WARN_64_TO_32_BIT_CONVERSION = YES;
				GCC_WARN_ABOUT_RETURN_TYPE = YES_ERROR;
				GCC_WARN_UNDECLARED_SELECTOR = YES;
				GCC_WARN_UNINITIALIZED_AUTOS = YES_AGGRESSIVE;
				GCC_WARN_UNUSED_FUNCTION = YES;
				GCC_WARN_UNUSED_VARIABLE = YES;
				MACOSX_DEPLOYMENT_TARGET = 10.15;
				MTL_ENABLE_DEBUG_INFO = NO;
				MTL_FAST_MATH = YES;
				SDKROOT = macosx;
				SWIFT_COMPILATION_MODE = wholemodule;
				SWIFT_OPTIMIZATION_LEVEL = "-O";
			};
			name = Release;
		};
		A4BE4E0724E397BB00B23E64 /* Debug */ = {
			isa = XCBuildConfiguration;
			buildSettings = {
				ASSETCATALOG_COMPILER_APPICON_NAME = AppIcon;
				CODE_SIGN_ENTITLEMENTS = "Cafe Mocha/Cafe_Mocha.entitlements";
				CODE_SIGN_STYLE = Automatic;
				COMBINE_HIDPI_IMAGES = YES;
				DEVELOPMENT_ASSET_PATHS = "\"Cafe Mocha/Preview Content\"";
				DEVELOPMENT_TEAM = J43H7Q9PF9;
				ENABLE_HARDENED_RUNTIME = YES;
				ENABLE_PREVIEWS = YES;
				INFOPLIST_FILE = "Cafe Mocha/Info.plist";
				LD_RUNPATH_SEARCH_PATHS = (
					"$(inherited)",
					"@executable_path/../Frameworks",
				);
				MACOSX_DEPLOYMENT_TARGET = 10.15;
				PRODUCT_BUNDLE_IDENTIFIER = "ef.Cafe-Mocha";
				PRODUCT_NAME = "$(TARGET_NAME)";
				SWIFT_VERSION = 5.0;
			};
			name = Debug;
		};
		A4BE4E0824E397BB00B23E64 /* Release */ = {
			isa = XCBuildConfiguration;
			buildSettings = {
				ASSETCATALOG_COMPILER_APPICON_NAME = AppIcon;
				CODE_SIGN_ENTITLEMENTS = "Cafe Mocha/Cafe_Mocha.entitlements";
				CODE_SIGN_STYLE = Automatic;
				COMBINE_HIDPI_IMAGES = YES;
				DEVELOPMENT_ASSET_PATHS = "\"Cafe Mocha/Preview Content\"";
				DEVELOPMENT_TEAM = J43H7Q9PF9;
				ENABLE_HARDENED_RUNTIME = YES;
				ENABLE_PREVIEWS = YES;
				INFOPLIST_FILE = "Cafe Mocha/Info.plist";
				LD_RUNPATH_SEARCH_PATHS = (
					"$(inherited)",
					"@executable_path/../Frameworks",
				);
				MACOSX_DEPLOYMENT_TARGET = 10.15;
				PRODUCT_BUNDLE_IDENTIFIER = "ef.Cafe-Mocha";
				PRODUCT_NAME = "$(TARGET_NAME)";
				SWIFT_VERSION = 5.0;
			};
			name = Release;
		};
/* End XCBuildConfiguration section */

/* Begin XCConfigurationList section */
		A4BE4DEE24E397BA00B23E64 /* Build configuration list for PBXProject "Cafe Mocha" */ = {
			isa = XCConfigurationList;
			buildConfigurations = (
				A4BE4E0424E397BB00B23E64 /* Debug */,
				A4BE4E0524E397BB00B23E64 /* Release */,
			);
			defaultConfigurationIsVisible = 0;
			defaultConfigurationName = Release;
		};
		A4BE4E0624E397BB00B23E64 /* Build configuration list for PBXNativeTarget "Cafe Mocha" */ = {
			isa = XCConfigurationList;
			buildConfigurations = (
				A4BE4E0724E397BB00B23E64 /* Debug */,
				A4BE4E0824E397BB00B23E64 /* Release */,
			);
			defaultConfigurationIsVisible = 0;
			defaultConfigurationName = Release;
		};
/* End XCConfigurationList section */
	};
	rootObject = A4BE4DEB24E397BA00B23E64 /* Project object */;
}
